
Microsoft Visual Studio Solution File, Format Version 12.00
# Visual Studio Version 16
VisualStudioVersion = 16.0.31402.337
MinimumVisualStudioVersion = 10.0.40219.1
Project("{FAE04EC0-301F-11D3-BF4B-00C04F79EFBC}") = "UKHO.SalesCatalogueFileShareServicesMock.API", "UKHO.SalesCatalogueFileShareServicesMock.API\UKHO.SalesCatalogueFileShareServicesMock.API.csproj", "{DA3DF9D7-A9CF-4854-9B26-39D8A77B3A18}"
EndProject
Global
	GlobalSection(SolutionConfigurationPlatforms) = preSolution
		Debug|Any CPU = Debug|Any CPU
		Release|Any CPU = Release|Any CPU
	EndGlobalSection
	GlobalSection(ProjectConfigurationPlatforms) = postSolution
		{DA3DF9D7-A9CF-4854-9B26-39D8A77B3A18}.Debug|Any CPU.ActiveCfg = Debug|Any CPU
		{DA3DF9D7-A9CF-4854-9B26-39D8A77B3A18}.Debug|Any CPU.Build.0 = Debug|Any CPU
		{DA3DF9D7-A9CF-4854-9B26-39D8A77B3A18}.Release|Any CPU.ActiveCfg = Release|Any CPU
		{DA3DF9D7-A9CF-4854-9B26-39D8A77B3A18}.Release|Any CPU.Build.0 = Release|Any CPU
	EndGlobalSection
	GlobalSection(SolutionProperties) = preSolution
		HideSolutionNode = FALSE
	EndGlobalSection
	GlobalSection(ExtensibilityGlobals) = postSolution
		SolutionGuid = {81BFD45D-2551-47FB-B83F-0F6F3F9C14AA}
	EndGlobalSection
EndGlobal
