
Microsoft Visual Studio Solution File, Format Version 12.00
# Visual Studio Version 16
VisualStudioVersion = 16.6.30114.105
MinimumVisualStudioVersion = 10.0.40219.1
Project("{9A19103F-16F7-4668-BE54-9A1E7A4F7556}") = "UKHO.ExchangeSetService.API", "UKHO.ExchangeSetService.API\UKHO.ExchangeSetService.API.csproj", "{8591D5AE-AD4E-4EE6-B7F7-D227540F8E32}"
EndProject
Project("{9A19103F-16F7-4668-BE54-9A1E7A4F7556}") = "UKHO.ExchangeSetService.Common", "UKHO.ExchangeSetService.Common\UKHO.ExchangeSetService.Common.csproj", "{CD1CE8B0-7F2B-4D97-8DAE-1FB09EF1E0AF}"
EndProject
Project("{2150E333-8FDC-42A3-9474-1A3956D46DE8}") = "Solution Items", "Solution Items", "{DD9A854E-AAEF-428B-AD51-3499A4A84EE6}"
	ProjectSection(SolutionItems) = preProject
		.editorconfig = .editorconfig
	EndProjectSection
EndProject
Project("{2150E333-8FDC-42A3-9474-1A3956D46DE8}") = "Tests", "Tests", "{1FE54AB1-9543-480E-8A3D-2FA1E2A340CE}"
EndProject
Project("{9A19103F-16F7-4668-BE54-9A1E7A4F7556}") = "UKHO.ExchangeSetService.API.UnitTests", "UKHO.ExchangeSetService.API.UnitTests\UKHO.ExchangeSetService.API.UnitTests.csproj", "{1241108A-FA4B-4F19-81B0-AB59A0E11DC0}"
EndProject
Project("{9A19103F-16F7-4668-BE54-9A1E7A4F7556}") = "UKHO.ExchangeSetService.API.FunctionalTests", "UKHO.ExchangeSetService.API.FunctionalTests\UKHO.ExchangeSetService.API.FunctionalTests.csproj", "{AC5B7898-83E2-4850-9BF3-8BAE03E02326}"
EndProject
Project("{9A19103F-16F7-4668-BE54-9A1E7A4F7556}") = "UKHO.ExchangeSetService.Common.UnitTests", "UKHO.ExchangeSetService.Common.UnitTests\UKHO.ExchangeSetService.Common.UnitTests.csproj", "{4F060297-D0C5-4B26-AE87-DD1D501EC568}"
EndProject
Project("{2150E333-8FDC-42A3-9474-1A3956D46DE8}") = "WebJobs", "WebJobs", "{1797237E-1A3E-438D-8A30-776DED7F9081}"
EndProject
Project("{9A19103F-16F7-4668-BE54-9A1E7A4F7556}") = "UKHO.ExchangeSetService.FulfilmentService", "UKHO.ExchangeSetService.FulfilmentService\UKHO.ExchangeSetService.FulfilmentService.csproj", "{1EF95688-B26A-4E85-9685-EBF126981673}"
EndProject
Project("{9A19103F-16F7-4668-BE54-9A1E7A4F7556}") = "UKHO.ExchangeSetService.Webjob.UnitTests", "UKHO.ExchangeSetService.Webjob.UnitTests\UKHO.ExchangeSetService.Webjob.UnitTests.csproj", "{AEE4375F-7181-4FCB-80F3-10EAE68137B6}"
EndProject
Project("{9A19103F-16F7-4668-BE54-9A1E7A4F7556}") = "UKHO.ExchangeSetService.CleanUpJob", "UKHO.ExchangeSetService.CleanUpJob\UKHO.ExchangeSetService.CleanUpJob.csproj", "{650B81DD-16F9-4E73-99DA-6F14A1912E80}"
EndProject
Global
	GlobalSection(SolutionConfigurationPlatforms) = preSolution
		Debug|Any CPU = Debug|Any CPU
		Debug|x64 = Debug|x64
		Debug|x86 = Debug|x86
		Release|Any CPU = Release|Any CPU
		Release|x64 = Release|x64
		Release|x86 = Release|x86
	EndGlobalSection
	GlobalSection(ProjectConfigurationPlatforms) = postSolution
		{8591D5AE-AD4E-4EE6-B7F7-D227540F8E32}.Debug|Any CPU.ActiveCfg = Debug|Any CPU
		{8591D5AE-AD4E-4EE6-B7F7-D227540F8E32}.Debug|Any CPU.Build.0 = Debug|Any CPU
		{8591D5AE-AD4E-4EE6-B7F7-D227540F8E32}.Debug|x64.ActiveCfg = Debug|Any CPU
		{8591D5AE-AD4E-4EE6-B7F7-D227540F8E32}.Debug|x64.Build.0 = Debug|Any CPU
		{8591D5AE-AD4E-4EE6-B7F7-D227540F8E32}.Debug|x86.ActiveCfg = Debug|Any CPU
		{8591D5AE-AD4E-4EE6-B7F7-D227540F8E32}.Debug|x86.Build.0 = Debug|Any CPU
		{8591D5AE-AD4E-4EE6-B7F7-D227540F8E32}.Release|Any CPU.ActiveCfg = Release|Any CPU
		{8591D5AE-AD4E-4EE6-B7F7-D227540F8E32}.Release|Any CPU.Build.0 = Release|Any CPU
		{8591D5AE-AD4E-4EE6-B7F7-D227540F8E32}.Release|x64.ActiveCfg = Release|Any CPU
		{8591D5AE-AD4E-4EE6-B7F7-D227540F8E32}.Release|x64.Build.0 = Release|Any CPU
		{8591D5AE-AD4E-4EE6-B7F7-D227540F8E32}.Release|x86.ActiveCfg = Release|Any CPU
		{8591D5AE-AD4E-4EE6-B7F7-D227540F8E32}.Release|x86.Build.0 = Release|Any CPU
		{CD1CE8B0-7F2B-4D97-8DAE-1FB09EF1E0AF}.Debug|Any CPU.ActiveCfg = Debug|Any CPU
		{CD1CE8B0-7F2B-4D97-8DAE-1FB09EF1E0AF}.Debug|Any CPU.Build.0 = Debug|Any CPU
		{CD1CE8B0-7F2B-4D97-8DAE-1FB09EF1E0AF}.Debug|x64.ActiveCfg = Debug|Any CPU
		{CD1CE8B0-7F2B-4D97-8DAE-1FB09EF1E0AF}.Debug|x64.Build.0 = Debug|Any CPU
		{CD1CE8B0-7F2B-4D97-8DAE-1FB09EF1E0AF}.Debug|x86.ActiveCfg = Debug|Any CPU
		{CD1CE8B0-7F2B-4D97-8DAE-1FB09EF1E0AF}.Debug|x86.Build.0 = Debug|Any CPU
		{CD1CE8B0-7F2B-4D97-8DAE-1FB09EF1E0AF}.Release|Any CPU.ActiveCfg = Release|Any CPU
		{CD1CE8B0-7F2B-4D97-8DAE-1FB09EF1E0AF}.Release|Any CPU.Build.0 = Release|Any CPU
		{CD1CE8B0-7F2B-4D97-8DAE-1FB09EF1E0AF}.Release|x64.ActiveCfg = Release|Any CPU
		{CD1CE8B0-7F2B-4D97-8DAE-1FB09EF1E0AF}.Release|x64.Build.0 = Release|Any CPU
		{CD1CE8B0-7F2B-4D97-8DAE-1FB09EF1E0AF}.Release|x86.ActiveCfg = Release|Any CPU
		{CD1CE8B0-7F2B-4D97-8DAE-1FB09EF1E0AF}.Release|x86.Build.0 = Release|Any CPU
		{1241108A-FA4B-4F19-81B0-AB59A0E11DC0}.Debug|Any CPU.ActiveCfg = Debug|Any CPU
		{1241108A-FA4B-4F19-81B0-AB59A0E11DC0}.Debug|Any CPU.Build.0 = Debug|Any CPU
		{1241108A-FA4B-4F19-81B0-AB59A0E11DC0}.Debug|x64.ActiveCfg = Debug|Any CPU
		{1241108A-FA4B-4F19-81B0-AB59A0E11DC0}.Debug|x64.Build.0 = Debug|Any CPU
		{1241108A-FA4B-4F19-81B0-AB59A0E11DC0}.Debug|x86.ActiveCfg = Debug|Any CPU
		{1241108A-FA4B-4F19-81B0-AB59A0E11DC0}.Debug|x86.Build.0 = Debug|Any CPU
		{1241108A-FA4B-4F19-81B0-AB59A0E11DC0}.Release|Any CPU.ActiveCfg = Release|Any CPU
		{1241108A-FA4B-4F19-81B0-AB59A0E11DC0}.Release|Any CPU.Build.0 = Release|Any CPU
		{1241108A-FA4B-4F19-81B0-AB59A0E11DC0}.Release|x64.ActiveCfg = Release|Any CPU
		{1241108A-FA4B-4F19-81B0-AB59A0E11DC0}.Release|x64.Build.0 = Release|Any CPU
		{1241108A-FA4B-4F19-81B0-AB59A0E11DC0}.Release|x86.ActiveCfg = Release|Any CPU
		{1241108A-FA4B-4F19-81B0-AB59A0E11DC0}.Release|x86.Build.0 = Release|Any CPU
		{AC5B7898-83E2-4850-9BF3-8BAE03E02326}.Debug|Any CPU.ActiveCfg = Debug|Any CPU
		{AC5B7898-83E2-4850-9BF3-8BAE03E02326}.Debug|Any CPU.Build.0 = Debug|Any CPU
		{AC5B7898-83E2-4850-9BF3-8BAE03E02326}.Debug|x64.ActiveCfg = Debug|Any CPU
		{AC5B7898-83E2-4850-9BF3-8BAE03E02326}.Debug|x64.Build.0 = Debug|Any CPU
		{AC5B7898-83E2-4850-9BF3-8BAE03E02326}.Debug|x86.ActiveCfg = Debug|Any CPU
		{AC5B7898-83E2-4850-9BF3-8BAE03E02326}.Debug|x86.Build.0 = Debug|Any CPU
		{AC5B7898-83E2-4850-9BF3-8BAE03E02326}.Release|Any CPU.ActiveCfg = Release|Any CPU
		{AC5B7898-83E2-4850-9BF3-8BAE03E02326}.Release|Any CPU.Build.0 = Release|Any CPU
		{AC5B7898-83E2-4850-9BF3-8BAE03E02326}.Release|x64.ActiveCfg = Release|Any CPU
		{AC5B7898-83E2-4850-9BF3-8BAE03E02326}.Release|x64.Build.0 = Release|Any CPU
		{AC5B7898-83E2-4850-9BF3-8BAE03E02326}.Release|x86.ActiveCfg = Release|Any CPU
		{AC5B7898-83E2-4850-9BF3-8BAE03E02326}.Release|x86.Build.0 = Release|Any CPU
		{4F060297-D0C5-4B26-AE87-DD1D501EC568}.Debug|Any CPU.ActiveCfg = Debug|Any CPU
		{4F060297-D0C5-4B26-AE87-DD1D501EC568}.Debug|Any CPU.Build.0 = Debug|Any CPU
		{4F060297-D0C5-4B26-AE87-DD1D501EC568}.Debug|x64.ActiveCfg = Debug|Any CPU
		{4F060297-D0C5-4B26-AE87-DD1D501EC568}.Debug|x64.Build.0 = Debug|Any CPU
		{4F060297-D0C5-4B26-AE87-DD1D501EC568}.Debug|x86.ActiveCfg = Debug|Any CPU
		{4F060297-D0C5-4B26-AE87-DD1D501EC568}.Debug|x86.Build.0 = Debug|Any CPU
		{4F060297-D0C5-4B26-AE87-DD1D501EC568}.Release|Any CPU.ActiveCfg = Release|Any CPU
		{4F060297-D0C5-4B26-AE87-DD1D501EC568}.Release|Any CPU.Build.0 = Release|Any CPU
		{4F060297-D0C5-4B26-AE87-DD1D501EC568}.Release|x64.ActiveCfg = Release|Any CPU
		{4F060297-D0C5-4B26-AE87-DD1D501EC568}.Release|x64.Build.0 = Release|Any CPU
		{4F060297-D0C5-4B26-AE87-DD1D501EC568}.Release|x86.ActiveCfg = Release|Any CPU
		{4F060297-D0C5-4B26-AE87-DD1D501EC568}.Release|x86.Build.0 = Release|Any CPU
		{1EF95688-B26A-4E85-9685-EBF126981673}.Debug|Any CPU.ActiveCfg = Debug|Any CPU
		{1EF95688-B26A-4E85-9685-EBF126981673}.Debug|Any CPU.Build.0 = Debug|Any CPU
		{1EF95688-B26A-4E85-9685-EBF126981673}.Debug|x64.ActiveCfg = Debug|Any CPU
		{1EF95688-B26A-4E85-9685-EBF126981673}.Debug|x64.Build.0 = Debug|Any CPU
		{1EF95688-B26A-4E85-9685-EBF126981673}.Debug|x86.ActiveCfg = Debug|Any CPU
		{1EF95688-B26A-4E85-9685-EBF126981673}.Debug|x86.Build.0 = Debug|Any CPU
		{1EF95688-B26A-4E85-9685-EBF126981673}.Release|Any CPU.ActiveCfg = Release|Any CPU
		{1EF95688-B26A-4E85-9685-EBF126981673}.Release|Any CPU.Build.0 = Release|Any CPU
		{1EF95688-B26A-4E85-9685-EBF126981673}.Release|x64.ActiveCfg = Release|Any CPU
		{1EF95688-B26A-4E85-9685-EBF126981673}.Release|x64.Build.0 = Release|Any CPU
		{1EF95688-B26A-4E85-9685-EBF126981673}.Release|x86.ActiveCfg = Release|Any CPU
		{1EF95688-B26A-4E85-9685-EBF126981673}.Release|x86.Build.0 = Release|Any CPU
		{AEE4375F-7181-4FCB-80F3-10EAE68137B6}.Debug|Any CPU.ActiveCfg = Debug|Any CPU
		{AEE4375F-7181-4FCB-80F3-10EAE68137B6}.Debug|Any CPU.Build.0 = Debug|Any CPU
		{AEE4375F-7181-4FCB-80F3-10EAE68137B6}.Debug|x64.ActiveCfg = Debug|Any CPU
		{AEE4375F-7181-4FCB-80F3-10EAE68137B6}.Debug|x64.Build.0 = Debug|Any CPU
		{AEE4375F-7181-4FCB-80F3-10EAE68137B6}.Debug|x86.ActiveCfg = Debug|Any CPU
		{AEE4375F-7181-4FCB-80F3-10EAE68137B6}.Debug|x86.Build.0 = Debug|Any CPU
		{AEE4375F-7181-4FCB-80F3-10EAE68137B6}.Release|Any CPU.ActiveCfg = Release|Any CPU
		{AEE4375F-7181-4FCB-80F3-10EAE68137B6}.Release|Any CPU.Build.0 = Release|Any CPU
		{AEE4375F-7181-4FCB-80F3-10EAE68137B6}.Release|x64.ActiveCfg = Release|Any CPU
		{AEE4375F-7181-4FCB-80F3-10EAE68137B6}.Release|x64.Build.0 = Release|Any CPU
		{AEE4375F-7181-4FCB-80F3-10EAE68137B6}.Release|x86.ActiveCfg = Release|Any CPU
		{AEE4375F-7181-4FCB-80F3-10EAE68137B6}.Release|x86.Build.0 = Release|Any CPU
		{650B81DD-16F9-4E73-99DA-6F14A1912E80}.Debug|Any CPU.ActiveCfg = Debug|Any CPU
		{650B81DD-16F9-4E73-99DA-6F14A1912E80}.Debug|Any CPU.Build.0 = Debug|Any CPU
		{650B81DD-16F9-4E73-99DA-6F14A1912E80}.Debug|x64.ActiveCfg = Debug|Any CPU
		{650B81DD-16F9-4E73-99DA-6F14A1912E80}.Debug|x64.Build.0 = Debug|Any CPU
		{650B81DD-16F9-4E73-99DA-6F14A1912E80}.Debug|x86.ActiveCfg = Debug|Any CPU
		{650B81DD-16F9-4E73-99DA-6F14A1912E80}.Debug|x86.Build.0 = Debug|Any CPU
		{650B81DD-16F9-4E73-99DA-6F14A1912E80}.Release|Any CPU.ActiveCfg = Release|Any CPU
		{650B81DD-16F9-4E73-99DA-6F14A1912E80}.Release|Any CPU.Build.0 = Release|Any CPU
		{650B81DD-16F9-4E73-99DA-6F14A1912E80}.Release|x64.ActiveCfg = Release|Any CPU
		{650B81DD-16F9-4E73-99DA-6F14A1912E80}.Release|x64.Build.0 = Release|Any CPU
		{650B81DD-16F9-4E73-99DA-6F14A1912E80}.Release|x86.ActiveCfg = Release|Any CPU
		{650B81DD-16F9-4E73-99DA-6F14A1912E80}.Release|x86.Build.0 = Release|Any CPU
	EndGlobalSection
	GlobalSection(SolutionProperties) = preSolution
		HideSolutionNode = FALSE
	EndGlobalSection
	GlobalSection(NestedProjects) = preSolution
		{1241108A-FA4B-4F19-81B0-AB59A0E11DC0} = {1FE54AB1-9543-480E-8A3D-2FA1E2A340CE}
		{AC5B7898-83E2-4850-9BF3-8BAE03E02326} = {1FE54AB1-9543-480E-8A3D-2FA1E2A340CE}
		{4F060297-D0C5-4B26-AE87-DD1D501EC568} = {1FE54AB1-9543-480E-8A3D-2FA1E2A340CE}
		{1EF95688-B26A-4E85-9685-EBF126981673} = {1797237E-1A3E-438D-8A30-776DED7F9081}
		{AEE4375F-7181-4FCB-80F3-10EAE68137B6} = {1FE54AB1-9543-480E-8A3D-2FA1E2A340CE}
		{650B81DD-16F9-4E73-99DA-6F14A1912E80} = {1797237E-1A3E-438D-8A30-776DED7F9081}
	EndGlobalSection
	GlobalSection(ExtensibilityGlobals) = postSolution
		SolutionGuid = {34A7E0FB-1B94-467F-9F79-6E05647A6F69}
	EndGlobalSection
EndGlobal
